
Microsoft Visual Studio Solution File, Format Version 11.00
# Visual Studio 2010
Project("{FAE04EC0-301F-11D3-BF4B-00C04F79EFBC}") = "Assembly-CSharp", "Assembly-CSharp.csproj", "{1613e9a8-9e99-933b-83cc-1d29b1fc168e}"
EndProject
Project("{FAE04EC0-301F-11D3-BF4B-00C04F79EFBC}") = "UniRx.Async", "UniRx.Async.csproj", "{c6d3591d-27f2-c6c2-e0c6-ffbe728becaa}"
EndProject
Project("{FAE04EC0-301F-11D3-BF4B-00C04F79EFBC}") = "RuntimeUnitTestToolkit", "RuntimeUnitTestToolkit.csproj", "{928beda4-562f-030f-fc58-8c0aeb4facc0}"
EndProject
Project("{FAE04EC0-301F-11D3-BF4B-00C04F79EFBC}") = "UniRx.Async.Tests", "UniRx.Async.Tests.csproj", "{d67c72c5-dbac-d81a-b1d8-c49b2e7712d6}"
EndProject
Project("{FAE04EC0-301F-11D3-BF4B-00C04F79EFBC}") = "UniRx.Async.Editor", "UniRx.Async.Editor.csproj", "{98d48e0b-fc29-73a0-4bdd-2a65297745cc}"
EndProject
Project("{FAE04EC0-301F-11D3-BF4B-00C04F79EFBC}") = "Assembly-CSharp-Editor", "Assembly-CSharp-Editor.csproj", "{02b1665e-c5a6-b521-46c4-74838258e2b0}"
EndProject
Global
	GlobalSection(SolutionConfigurationPlatforms) = preSolution
		Debug|Any CPU = Debug|Any CPU
		Release|Any CPU = Release|Any CPU
	EndGlobalSection
	GlobalSection(ProjectConfigurationPlatforms) = postSolution
		{1613e9a8-9e99-933b-83cc-1d29b1fc168e}.Debug|Any CPU.ActiveCfg = Debug|Any CPU
		{1613e9a8-9e99-933b-83cc-1d29b1fc168e}.Debug|Any CPU.Build.0 = Debug|Any CPU
		{1613e9a8-9e99-933b-83cc-1d29b1fc168e}.Release|Any CPU.ActiveCfg = Release|Any CPU
		{1613e9a8-9e99-933b-83cc-1d29b1fc168e}.Release|Any CPU.Build.0 = Release|Any CPU
		{c6d3591d-27f2-c6c2-e0c6-ffbe728becaa}.Debug|Any CPU.ActiveCfg = Debug|Any CPU
		{c6d3591d-27f2-c6c2-e0c6-ffbe728becaa}.Debug|Any CPU.Build.0 = Debug|Any CPU
		{c6d3591d-27f2-c6c2-e0c6-ffbe728becaa}.Release|Any CPU.ActiveCfg = Release|Any CPU
		{c6d3591d-27f2-c6c2-e0c6-ffbe728becaa}.Release|Any CPU.Build.0 = Release|Any CPU
		{928beda4-562f-030f-fc58-8c0aeb4facc0}.Debug|Any CPU.ActiveCfg = Debug|Any CPU
		{928beda4-562f-030f-fc58-8c0aeb4facc0}.Debug|Any CPU.Build.0 = Debug|Any CPU
		{928beda4-562f-030f-fc58-8c0aeb4facc0}.Release|Any CPU.ActiveCfg = Release|Any CPU
		{928beda4-562f-030f-fc58-8c0aeb4facc0}.Release|Any CPU.Build.0 = Release|Any CPU
		{d67c72c5-dbac-d81a-b1d8-c49b2e7712d6}.Debug|Any CPU.ActiveCfg = Debug|Any CPU
		{d67c72c5-dbac-d81a-b1d8-c49b2e7712d6}.Debug|Any CPU.Build.0 = Debug|Any CPU
		{d67c72c5-dbac-d81a-b1d8-c49b2e7712d6}.Release|Any CPU.ActiveCfg = Release|Any CPU
		{d67c72c5-dbac-d81a-b1d8-c49b2e7712d6}.Release|Any CPU.Build.0 = Release|Any CPU
		{98d48e0b-fc29-73a0-4bdd-2a65297745cc}.Debug|Any CPU.ActiveCfg = Debug|Any CPU
		{98d48e0b-fc29-73a0-4bdd-2a65297745cc}.Debug|Any CPU.Build.0 = Debug|Any CPU
		{98d48e0b-fc29-73a0-4bdd-2a65297745cc}.Release|Any CPU.ActiveCfg = Release|Any CPU
		{98d48e0b-fc29-73a0-4bdd-2a65297745cc}.Release|Any CPU.Build.0 = Release|Any CPU
		{02b1665e-c5a6-b521-46c4-74838258e2b0}.Debug|Any CPU.ActiveCfg = Debug|Any CPU
		{02b1665e-c5a6-b521-46c4-74838258e2b0}.Debug|Any CPU.Build.0 = Debug|Any CPU
		{02b1665e-c5a6-b521-46c4-74838258e2b0}.Release|Any CPU.ActiveCfg = Release|Any CPU
		{02b1665e-c5a6-b521-46c4-74838258e2b0}.Release|Any CPU.Build.0 = Release|Any CPU
	EndGlobalSection
	GlobalSection(SolutionProperties) = preSolution
		HideSolutionNode = FALSE
	EndGlobalSection
EndGlobal
